
Microsoft Visual Studio Solution File, Format Version 12.00
# Visual Studio 14
VisualStudioVersion = 14.0.23107.0
MinimumVisualStudioVersion = 10.0.40219.1
Project("{FAE04EC0-301F-11D3-BF4B-00C04F79EFBC}") = "pacs-gui", "pacs-gui\pacs-gui.csproj", "{B4ACE0DE-63D9-4753-A4BC-79FCD2396E0C}"
EndProject
Project("{FAE04EC0-301F-11D3-BF4B-00C04F79EFBC}") = "pacs-common", "pacs-common\pacs-common.csproj", "{4C364E3A-8AE3-4756-9038-D6396E978EA9}"
EndProject
Project("{FAE04EC0-301F-11D3-BF4B-00C04F79EFBC}") = "pacs-store", "pacs-store\pacs-store.csproj", "{6519F8A6-376D-4410-A44B-FA90E0638771}"
EndProject
Global
	GlobalSection(SolutionConfigurationPlatforms) = preSolution
		Debug|Any CPU = Debug|Any CPU
		Release|Any CPU = Release|Any CPU
	EndGlobalSection
	GlobalSection(ProjectConfigurationPlatforms) = postSolution
		{B4ACE0DE-63D9-4753-A4BC-79FCD2396E0C}.Debug|Any CPU.ActiveCfg = Debug|Any CPU
		{B4ACE0DE-63D9-4753-A4BC-79FCD2396E0C}.Debug|Any CPU.Build.0 = Debug|Any CPU
		{B4ACE0DE-63D9-4753-A4BC-79FCD2396E0C}.Release|Any CPU.ActiveCfg = Release|Any CPU
		{B4ACE0DE-63D9-4753-A4BC-79FCD2396E0C}.Release|Any CPU.Build.0 = Release|Any CPU
		{4C364E3A-8AE3-4756-9038-D6396E978EA9}.Debug|Any CPU.ActiveCfg = Debug|Any CPU
		{4C364E3A-8AE3-4756-9038-D6396E978EA9}.Debug|Any CPU.Build.0 = Debug|Any CPU
		{4C364E3A-8AE3-4756-9038-D6396E978EA9}.Release|Any CPU.ActiveCfg = Release|Any CPU
		{4C364E3A-8AE3-4756-9038-D6396E978EA9}.Release|Any CPU.Build.0 = Release|Any CPU
		{6519F8A6-376D-4410-A44B-FA90E0638771}.Debug|Any CPU.ActiveCfg = Debug|Any CPU
		{6519F8A6-376D-4410-A44B-FA90E0638771}.Debug|Any CPU.Build.0 = Debug|Any CPU
		{6519F8A6-376D-4410-A44B-FA90E0638771}.Release|Any CPU.ActiveCfg = Release|Any CPU
		{6519F8A6-376D-4410-A44B-FA90E0638771}.Release|Any CPU.Build.0 = Release|Any CPU
	EndGlobalSection
	GlobalSection(SolutionProperties) = preSolution
		HideSolutionNode = FALSE
	EndGlobalSection
EndGlobal
